
Microsoft Visual Studio Solution File, Format Version 12.00
# Visual Studio Version 16
VisualStudioVersion = 16.0.30330.147
MinimumVisualStudioVersion = 10.0.40219.1
Project("{FAE04EC0-301F-11D3-BF4B-00C04F79EFBC}") = "Onion", "Onion\Onion.csproj", "{9410AF7C-1619-4C9A-9202-636E27B8FFAB}"
EndProject
Global
	GlobalSection(SolutionConfigurationPlatforms) = preSolution
		Debug|Any CPU = Debug|Any CPU
		Release|Any CPU = Release|Any CPU
	EndGlobalSection
	GlobalSection(ProjectConfigurationPlatforms) = postSolution
		{9410AF7C-1619-4C9A-9202-636E27B8FFAB}.Debug|Any CPU.ActiveCfg = Debug|Any CPU
		{9410AF7C-1619-4C9A-9202-636E27B8FFAB}.Debug|Any CPU.Build.0 = Debug|Any CPU
		{9410AF7C-1619-4C9A-9202-636E27B8FFAB}.Release|Any CPU.ActiveCfg = Release|Any CPU
		{9410AF7C-1619-4C9A-9202-636E27B8FFAB}.Release|Any CPU.Build.0 = Release|Any CPU
	EndGlobalSection
	GlobalSection(SolutionProperties) = preSolution
		HideSolutionNode = FALSE
	EndGlobalSection
	GlobalSection(ExtensibilityGlobals) = postSolution
		SolutionGuid = {8FF2B975-607D-4D5F-AE9D-6053CB384764}
	EndGlobalSection
EndGlobal
